# This file was autogenerated by Stack.
# You should not edit this file by hand.
# For more information, please see the documentation at:
#   https://docs.haskellstack.org/en/stable/topics/lock_files

packages:
- completed:
    commit: 5297fdacabc61c713f4ae2ea89df4880514ff272
    git: https://github.com/10Pines/pdepreludat.git
    name: pdeprelude
    pantry-tree:
      sha256: 906a6850931d42beed107f2baf6928f934b472be1acc0d4ea9ffbeb5554db4aa
      size: 4992
    version: 0.2.0.0
  original:
    commit: 5297fdacabc61c713f4ae2ea89df4880514ff272
    git: https://github.com/10Pines/pdepreludat.git
snapshots:
- completed:
    sha256: d141b089a21d9873b5febdf7c53296fb799b7fb602b9d3b003c022a81cc1cc01
    size: 726795
    url: https://raw.githubusercontent.com/commercialhaskell/stackage-snapshots/master/lts/24/30.yaml
  original: lts-24.30
